github.com/beevik/etree v1.1.0 h1:T0xke/WvNtMoCqgzPhkX2r4rjY3GDZFi+FjpRZY2Jbs=
github.com/beevik/etree v1.1.0/go.mod h1:r8Aw8JqVegEf0w2fDnATrX9VpkMcyFeM0FhwO62wh+A=
github.com/crewjam/saml v0.0.0-20190501171645-724cb1c4fab1 h1:tpw2EQhppf+B6c4x64A104fKZ3Usu8a0bPpNCIk/vic=
github.com/crewjam/saml v0.0.0-20190501171645-724cb1c4fab1/go.mod h1:w5eu+HNtubx+kRpQL6QFT2F3yIFfYVe6+EzOFVU7Hko=
github.com/crewjam/saml v0.0.0-20190508002657-ca21de9dd5b9 h1:fkoDz41YaEsWQOfxO16AsId5KEhxFIniiaJmR7dYBYE=
github.com/crewjam/saml v0.0.0-20190508002657-ca21de9dd5b9/go.mod h1:w5eu+HNtubx+kRpQL6QFT2F3yIFfYVe6+EzOFVU7Hko=
github.com/davecgh/go-spew v1.1.0 h1:ZDRjVQ15GmhC3fiQ8ni8+OwkZQO4DARzQgrnXU1Liz8=
github.com/davecgh/go-spew v1.1.0/go.mod h1:J7Y8YcW2NihsgmVo/mv3lAwl/skON4iLHjSsI+c5H38=
github.com/dgrijalva/jwt-go v3.2.0+incompatible h1:7qlOGliEKZXTDg6OTjfoBKDXWrumCAMpl/TFQ4/5kLM=
github.com/dgrijalva/jwt-go v3.2.0+incompatible/go.mod h1:E3ru+11k8xSBh+hMPgOLZmtrrCbhqsmaPHjLKYnJCaQ=
github.com/inconshreveable/mousetrap v1.0.0 h1:Z8tu5sraLXCXIcARxBp/8cbvlwVa7Z1NHg9XEKhtSvM=
github.com/inconshreveable/mousetrap v1.0.0/go.mod h1:PxqpIevigyE2G7u3NXJIT2ANytuPF1OarO4DADm73n8=
github.com/jamiealquiza/envy v1.1.0 h1:Nwh4wqTZ28gDA8zB+wFkhnUpz3CEcO12zotjeqqRoKE=
github.com/jamiealquiza/envy v1.1.0/go.mod h1:MP36BriGCLwEHhi1OU8E9569JNZrjWfCvzG7RsPnHus=
github.com/jonboulle/clockwork v0.1.0 h1:VKV+ZcuP6l3yW9doeqz6ziZGgcynBVQO+obU0+0hcPo=
github.com/jonboulle/clockwork v0.1.0/go.mod h1:Ii8DK3G1RaLaWxj9trq07+26W01tbo22gdxWY5EU2bo=
github.com/kr/pretty v0.1.0 h1:L/CwN0zerZDmRFUapSPitk6f+Q3+0za1rQkzVuMiMFI=
github.com/kr/pretty v0.1.0/go.mod h1:dAy3ld7l9f0ibDNOQOHHMYYIIbhfbHSm3C4ZsoJORNo=
github.com/kr/pty v1.1.1/go.mod h1:pFQYn66WHrOpPYNljwOMqo10TkYh1fy3cYio2l3bCsQ=
github.com/kr/text v0.1.0 h1:45sCR5RtlFHMR4UwH9sdQ5TC8v0qDQCHnXt+kaKSTVE=
github.com/kr/text v0.1.0/go.mod h1:4Jbv+DJW3UT/LiOwJeYQe1efqtUx/iVham/4vfdArNI=
github.com/patrickmn/go-cache v2.1.0+incompatible h1:HRMgzkcYKYpi3C8ajMPV8OFXaaRUnok+kx1WdO15EQc=
github.com/patrickmn/go-cache v2.1.0+incompatible/go.mod h1:3Qf8kWWT7OJRJbdiICTKqZju1ZixQ/KpMGzzAfe6+WQ=
github.com/pkg/errors v0.8.1 h1:iURUrRGxPUNPdy5/HRSm+Yj6okJ6UtLINN0Q9M4+h3I=
github.com/pkg/errors v0.8.1/go.mod h1:bwawxfHBFNV+L2hUp1rHADufV3IMtnDRdf1r5NINEl0=
github.com/pmezard/go-difflib v1.0.0 h1:4DBwDE0NGyQoBHbLQYPwSUPoCMWR5BEzIk/f1lZbAQM=
github.com/pmezard/go-difflib v1.0.0/go.mod h1:iKH77koFhYxTK1pcRnkKkqfTogsbg7gZNVY4sRDYZ/4=
github.com/russellhaering/goxmldsig v0.0.0-20180430223755-7acd5e4a6ef7 h1:J4AOUcOh/t1XbQcJfkEqhzgvMJ2tDxdCVvmHxW5QXao=
github.com/russellhaering/goxmldsig v0.0.0-20180430223755-7acd5e4a6ef7/go.mod h1:Oz4y6ImuOQZxynhbSXk7btjEfNBtGlj2dcaOvXl2FSM=
github.com/spf13/cobra v0.0.3 h1:ZlrZ4XsMRm04Fr5pSFxBgfND2EBVa1nLpiy1stUsX/8=
github.com/spf13/cobra v0.0.3/go.mod h1:1l0Ry5zgKvJasoi3XT1TypsSe7PqH0Sj9dhYf7v3XqQ=
github.com/spf13/pflag v1.0.3 h1:zPAT6CGy6wXeQ7NtTnaTerfKOsV6V6F8agHXFiazDkg=
github.com/spf13/pflag v1.0.3/go.mod h1:DYY7MBk1bdzusC3SYhjObp+wFpr4gzcvqqNjLnInEg4=
github.com/stretchr/objx v0.1.0/go.mod h1:HFkY916IF+rwdDfMAkV7OtwuqBVzrE8GR6GFx+wExME=
github.com/stretchr/testify v1.3.0 h1:TivCn/peBQ7UY8ooIcPgZFpTNSz0Q2U6UrFlUfqbe0Q=
github.com/stretchr/testify v1.3.0/go.mod h1:M5WIy9Dh21IEIfnGCwXGc5bZfKNJtfHm1UVUgZn+9EI=
golang.org/x/crypto v0.0.0-20190211182817-74369b46fc67 h1:ng3VDlRp5/DHpSWl02R4rM9I+8M2rhmsuLwAMmkLQWE=
golang.org/x/crypto v0.0.0-20190211182817-74369b46fc67/go.mod h1:6SG95UA2DQfeDnfUPMdvaQW0Q7yPrPDi9nlGo2tz2b4=
gopkg.in/check.v1 v1.0.0-20180628173108-788fd7840127 h1:qIbj1fsPNlZgppZ+VLlY7N33q108Sa+fhmuc+sWQYwY=
gopkg.in/check.v1 v1.0.0-20180628173108-788fd7840127/go.mod h1:Co6ibVJAznAaIkqp8huTwlJQCZ016jof/cbN4VW5Yz0=
